
Microsoft Visual Studio Solution File, Format Version 12.00
# Visual Studio Version 17
VisualStudioVersion = 17.11.35303.130
MinimumVisualStudioVersion = 10.0.40219.1
Project("{FAE04EC0-301F-11D3-BF4B-00C04F79EFBC}") = "ScrewdriverPlugin", "ScrewdriverPlugin.csproj", "{2580780E-46B3-4FF4-A07B-428157F07E05}"
EndProject
Project("{FAE04EC0-301F-11D3-BF4B-00C04F79EFBC}") = "Kompas", "..\..\Kompas\Wrapper\Kompas.csproj", "{ACA92215-0309-49D8-98A6-0CDD0DAB1118}"
EndProject
Project("{FAE04EC0-301F-11D3-BF4B-00C04F79EFBC}") = "Model", "..\Model\Model.csproj", "{38DC8D1E-0256-47C9-9E6C-067022919932}"
EndProject
Project("{FAE04EC0-301F-11D3-BF4B-00C04F79EFBC}") = "Builder", "..\Builder\Builder.csproj", "{D1FFE279-3C5E-4418-8728-2D35638A2955}"
EndProject
Global
	GlobalSection(SolutionConfigurationPlatforms) = preSolution
		Debug|Any CPU = Debug|Any CPU
		Release|Any CPU = Release|Any CPU
	EndGlobalSection
	GlobalSection(ProjectConfigurationPlatforms) = postSolution
		{2580780E-46B3-4FF4-A07B-428157F07E05}.Debug|Any CPU.ActiveCfg = Debug|Any CPU
		{2580780E-46B3-4FF4-A07B-428157F07E05}.Debug|Any CPU.Build.0 = Debug|Any CPU
		{2580780E-46B3-4FF4-A07B-428157F07E05}.Release|Any CPU.ActiveCfg = Release|Any CPU
		{2580780E-46B3-4FF4-A07B-428157F07E05}.Release|Any CPU.Build.0 = Release|Any CPU
		{ACA92215-0309-49D8-98A6-0CDD0DAB1118}.Debug|Any CPU.ActiveCfg = Debug|Any CPU
		{ACA92215-0309-49D8-98A6-0CDD0DAB1118}.Debug|Any CPU.Build.0 = Debug|Any CPU
		{ACA92215-0309-49D8-98A6-0CDD0DAB1118}.Release|Any CPU.ActiveCfg = Release|Any CPU
		{ACA92215-0309-49D8-98A6-0CDD0DAB1118}.Release|Any CPU.Build.0 = Release|Any CPU
		{38DC8D1E-0256-47C9-9E6C-067022919932}.Debug|Any CPU.ActiveCfg = Debug|Any CPU
		{38DC8D1E-0256-47C9-9E6C-067022919932}.Debug|Any CPU.Build.0 = Debug|Any CPU
		{38DC8D1E-0256-47C9-9E6C-067022919932}.Release|Any CPU.ActiveCfg = Release|Any CPU
		{38DC8D1E-0256-47C9-9E6C-067022919932}.Release|Any CPU.Build.0 = Release|Any CPU
		{D1FFE279-3C5E-4418-8728-2D35638A2955}.Debug|Any CPU.ActiveCfg = Debug|Any CPU
		{D1FFE279-3C5E-4418-8728-2D35638A2955}.Debug|Any CPU.Build.0 = Debug|Any CPU
		{D1FFE279-3C5E-4418-8728-2D35638A2955}.Release|Any CPU.ActiveCfg = Release|Any CPU
		{D1FFE279-3C5E-4418-8728-2D35638A2955}.Release|Any CPU.Build.0 = Release|Any CPU
	EndGlobalSection
	GlobalSection(SolutionProperties) = preSolution
		HideSolutionNode = FALSE
	EndGlobalSection
	GlobalSection(ExtensibilityGlobals) = postSolution
		SolutionGuid = {A437D9CA-7318-4B17-8230-0916CF34EAD2}
	EndGlobalSection
EndGlobal
